
Microsoft Visual Studio Solution File, Format Version 12.00
# Visual Studio Version 17
VisualStudioVersion = 17.9.34728.123
MinimumVisualStudioVersion = 10.0.40219.1
Project("{FAE04EC0-301F-11D3-BF4B-00C04F79EFBC}") = "ParallelComputing", "ParallelComputing\ParallelComputing.csproj", "{44B9EB62-CD89-4CC1-9CFA-1E06819387F1}"
EndProject
Global
	GlobalSection(SolutionConfigurationPlatforms) = preSolution
		Debug|Any CPU = Debug|Any CPU
		Release|Any CPU = Release|Any CPU
	EndGlobalSection
	GlobalSection(ProjectConfigurationPlatforms) = postSolution
		{44B9EB62-CD89-4CC1-9CFA-1E06819387F1}.Debug|Any CPU.ActiveCfg = Debug|Any CPU
		{44B9EB62-CD89-4CC1-9CFA-1E06819387F1}.Debug|Any CPU.Build.0 = Debug|Any CPU
		{44B9EB62-CD89-4CC1-9CFA-1E06819387F1}.Release|Any CPU.ActiveCfg = Release|Any CPU
		{44B9EB62-CD89-4CC1-9CFA-1E06819387F1}.Release|Any CPU.Build.0 = Release|Any CPU
	EndGlobalSection
	GlobalSection(SolutionProperties) = preSolution
		HideSolutionNode = FALSE
	EndGlobalSection
	GlobalSection(ExtensibilityGlobals) = postSolution
		SolutionGuid = {F6AE9A96-6B0E-4C3A-BFF7-6A294BCCCFF6}
	EndGlobalSection
EndGlobal
